
Microsoft Visual Studio Solution File, Format Version 12.00
# Visual Studio 15
VisualStudioVersion = 15.0.26430.12
MinimumVisualStudioVersion = 10.0.40219.1
Project("{FAE04EC0-301F-11D3-BF4B-00C04F79EFBC}") = "FCGagarin.PL.WebUI", "FCGagarin.PL.WebUI\FCGagarin.PL.WebUI.csproj", "{91C0C0B0-46CD-4D43-9F7A-F1E8632557BB}"
	ProjectSection(ProjectDependencies) = postProject
		{B61AD44D-8E76-4AE0-872A-9D73A4DD8F37} = {B61AD44D-8E76-4AE0-872A-9D73A4DD8F37}
		{0EC904B1-B1F0-4603-A5F8-33914CF21B70} = {0EC904B1-B1F0-4603-A5F8-33914CF21B70}
	EndProjectSection
EndProject
Project("{2150E333-8FDC-42A3-9474-1A3956D46DE8}") = "DAL", "DAL", "{BB18D02D-6BED-4463-B81E-424DDA94ABCC}"
EndProject
Project("{2150E333-8FDC-42A3-9474-1A3956D46DE8}") = "BLL", "BLL", "{A11E469E-A5A8-4FD2-AEEF-0E4C814F2ED1}"
EndProject
Project("{2150E333-8FDC-42A3-9474-1A3956D46DE8}") = "Test", "Test", "{46573719-9383-4579-8CDD-30B4591AC707}"
EndProject
Project("{2150E333-8FDC-42A3-9474-1A3956D46DE8}") = "PL", "PL", "{758049A6-F83A-4CA4-90A2-5C29BA7CDECF}"
EndProject
Project("{FAE04EC0-301F-11D3-BF4B-00C04F79EFBC}") = "FCGagarin.DAL.Repositories", "FCGagarin.DAL.Repositories\FCGagarin.DAL.Repositories.csproj", "{27ACCB55-A601-480C-9286-53C434A296F2}"
EndProject
Project("{FAE04EC0-301F-11D3-BF4B-00C04F79EFBC}") = "FCGagarin.DAL.Repositories.Interfaces", "FCGagarin.DAL.Repositories.Interfaces\FCGagarin.DAL.Repositories.Interfaces.csproj", "{8F97F7BE-278B-488F-87AF-E583569B914C}"
EndProject
Project("{FAE04EC0-301F-11D3-BF4B-00C04F79EFBC}") = "FCGagarin.DAL.DTO", "FCGagarin.DAL.DTO\FCGagarin.DAL.DTO.csproj", "{21854C6B-342F-488C-AD42-450A2F328E5D}"
EndProject
Project("{FAE04EC0-301F-11D3-BF4B-00C04F79EFBC}") = "FCGagarin.BLL.Services", "FCGagarin.BLL.Services\FCGagarin.BLL.Services.csproj", "{58F188B8-B42B-4D5D-915D-20710DA65AB7}"
EndProject
Project("{FAE04EC0-301F-11D3-BF4B-00C04F79EFBC}") = "FCGagarin.BLL.Services.Interfaces", "FCGagarin.BLL.Services.Interfaces\FCGagarin.BLL.Services.Interfaces.csproj", "{912D48EB-8DC3-4022-8247-6B8F261C342C}"
EndProject
Project("{FAE04EC0-301F-11D3-BF4B-00C04F79EFBC}") = "FCGagarin.BLL.Infrastructure", "FCGagarin.BLL.Infrastructure\FCGagarin.BLL.Infrastructure.csproj", "{9DEB9964-D65C-4A7E-B67A-1A0F1F0FF962}"
EndProject
Project("{FAE04EC0-301F-11D3-BF4B-00C04F79EFBC}") = "FCGagarin.DAL.EF", "FCGagarin.DAL.EF\FCGagarin.DAL.EF.csproj", "{2F824976-F82F-4ACC-B7CF-4543FB37BC16}"
EndProject
Project("{FAE04EC0-301F-11D3-BF4B-00C04F79EFBC}") = "FCGagarin.DAL.Entities", "FCGagarin.DAL.Entities\FCGagarin.DAL.Entities.csproj", "{B9360A37-67FE-425D-8DF0-F18AAABB2FDB}"
EndProject
Project("{FAE04EC0-301F-11D3-BF4B-00C04F79EFBC}") = "FCGagarin.PL.ViewModels", "FCGagarin.PL.ViewModels\FCGagarin.PL.ViewModels.csproj", "{B61AD44D-8E76-4AE0-872A-9D73A4DD8F37}"
EndProject
Project("{FAE04EC0-301F-11D3-BF4B-00C04F79EFBC}") = "FCGagarin.BLL.Models", "FCGagarin.BLL.Models\FCGagarin.BLL.Models.csproj", "{8E4D4199-6DB4-4444-8384-CA8CADAD4296}"
EndProject
Project("{FAE04EC0-301F-11D3-BF4B-00C04F79EFBC}") = "FCGagarin.BLL.Presenters", "FCGagarin.BLL.Presenters\FCGagarin.BLL.Presenters.csproj", "{6F143DDB-763D-4EF4-83DD-46D3233929D7}"
	ProjectSection(ProjectDependencies) = postProject
		{B61AD44D-8E76-4AE0-872A-9D73A4DD8F37} = {B61AD44D-8E76-4AE0-872A-9D73A4DD8F37}
		{8E4D4199-6DB4-4444-8384-CA8CADAD4296} = {8E4D4199-6DB4-4444-8384-CA8CADAD4296}
		{912D48EB-8DC3-4022-8247-6B8F261C342C} = {912D48EB-8DC3-4022-8247-6B8F261C342C}
	EndProjectSection
EndProject
Project("{FAE04EC0-301F-11D3-BF4B-00C04F79EFBC}") = "FCGagarin.BLL.Presenters.Interfaces", "FCGagarin.BLL.Presenters.Interfaces\FCGagarin.BLL.Presenters.Interfaces.csproj", "{0EC904B1-B1F0-4603-A5F8-33914CF21B70}"
	ProjectSection(ProjectDependencies) = postProject
		{8E4D4199-6DB4-4444-8384-CA8CADAD4296} = {8E4D4199-6DB4-4444-8384-CA8CADAD4296}
	EndProjectSection
EndProject
Global
	GlobalSection(SolutionConfigurationPlatforms) = preSolution
		Debug|Any CPU = Debug|Any CPU
		Release|Any CPU = Release|Any CPU
	EndGlobalSection
	GlobalSection(ProjectConfigurationPlatforms) = postSolution
		{91C0C0B0-46CD-4D43-9F7A-F1E8632557BB}.Debug|Any CPU.ActiveCfg = Debug|Any CPU
		{91C0C0B0-46CD-4D43-9F7A-F1E8632557BB}.Debug|Any CPU.Build.0 = Debug|Any CPU
		{91C0C0B0-46CD-4D43-9F7A-F1E8632557BB}.Release|Any CPU.ActiveCfg = Release|Any CPU
		{91C0C0B0-46CD-4D43-9F7A-F1E8632557BB}.Release|Any CPU.Build.0 = Release|Any CPU
		{27ACCB55-A601-480C-9286-53C434A296F2}.Debug|Any CPU.ActiveCfg = Debug|Any CPU
		{27ACCB55-A601-480C-9286-53C434A296F2}.Debug|Any CPU.Build.0 = Debug|Any CPU
		{27ACCB55-A601-480C-9286-53C434A296F2}.Release|Any CPU.ActiveCfg = Release|Any CPU
		{27ACCB55-A601-480C-9286-53C434A296F2}.Release|Any CPU.Build.0 = Release|Any CPU
		{8F97F7BE-278B-488F-87AF-E583569B914C}.Debug|Any CPU.ActiveCfg = Debug|Any CPU
		{8F97F7BE-278B-488F-87AF-E583569B914C}.Debug|Any CPU.Build.0 = Debug|Any CPU
		{8F97F7BE-278B-488F-87AF-E583569B914C}.Release|Any CPU.ActiveCfg = Release|Any CPU
		{8F97F7BE-278B-488F-87AF-E583569B914C}.Release|Any CPU.Build.0 = Release|Any CPU
		{21854C6B-342F-488C-AD42-450A2F328E5D}.Debug|Any CPU.ActiveCfg = Debug|Any CPU
		{21854C6B-342F-488C-AD42-450A2F328E5D}.Debug|Any CPU.Build.0 = Debug|Any CPU
		{21854C6B-342F-488C-AD42-450A2F328E5D}.Release|Any CPU.ActiveCfg = Release|Any CPU
		{21854C6B-342F-488C-AD42-450A2F328E5D}.Release|Any CPU.Build.0 = Release|Any CPU
		{58F188B8-B42B-4D5D-915D-20710DA65AB7}.Debug|Any CPU.ActiveCfg = Debug|Any CPU
		{58F188B8-B42B-4D5D-915D-20710DA65AB7}.Debug|Any CPU.Build.0 = Debug|Any CPU
		{58F188B8-B42B-4D5D-915D-20710DA65AB7}.Release|Any CPU.ActiveCfg = Release|Any CPU
		{58F188B8-B42B-4D5D-915D-20710DA65AB7}.Release|Any CPU.Build.0 = Release|Any CPU
		{912D48EB-8DC3-4022-8247-6B8F261C342C}.Debug|Any CPU.ActiveCfg = Debug|Any CPU
		{912D48EB-8DC3-4022-8247-6B8F261C342C}.Debug|Any CPU.Build.0 = Debug|Any CPU
		{912D48EB-8DC3-4022-8247-6B8F261C342C}.Release|Any CPU.ActiveCfg = Release|Any CPU
		{912D48EB-8DC3-4022-8247-6B8F261C342C}.Release|Any CPU.Build.0 = Release|Any CPU
		{9DEB9964-D65C-4A7E-B67A-1A0F1F0FF962}.Debug|Any CPU.ActiveCfg = Debug|Any CPU
		{9DEB9964-D65C-4A7E-B67A-1A0F1F0FF962}.Debug|Any CPU.Build.0 = Debug|Any CPU
		{9DEB9964-D65C-4A7E-B67A-1A0F1F0FF962}.Release|Any CPU.ActiveCfg = Release|Any CPU
		{9DEB9964-D65C-4A7E-B67A-1A0F1F0FF962}.Release|Any CPU.Build.0 = Release|Any CPU
		{2F824976-F82F-4ACC-B7CF-4543FB37BC16}.Debug|Any CPU.ActiveCfg = Debug|Any CPU
		{2F824976-F82F-4ACC-B7CF-4543FB37BC16}.Debug|Any CPU.Build.0 = Debug|Any CPU
		{2F824976-F82F-4ACC-B7CF-4543FB37BC16}.Release|Any CPU.ActiveCfg = Release|Any CPU
		{2F824976-F82F-4ACC-B7CF-4543FB37BC16}.Release|Any CPU.Build.0 = Release|Any CPU
		{B9360A37-67FE-425D-8DF0-F18AAABB2FDB}.Debug|Any CPU.ActiveCfg = Debug|Any CPU
		{B9360A37-67FE-425D-8DF0-F18AAABB2FDB}.Debug|Any CPU.Build.0 = Debug|Any CPU
		{B9360A37-67FE-425D-8DF0-F18AAABB2FDB}.Release|Any CPU.ActiveCfg = Release|Any CPU
		{B9360A37-67FE-425D-8DF0-F18AAABB2FDB}.Release|Any CPU.Build.0 = Release|Any CPU
		{B61AD44D-8E76-4AE0-872A-9D73A4DD8F37}.Debug|Any CPU.ActiveCfg = Debug|Any CPU
		{B61AD44D-8E76-4AE0-872A-9D73A4DD8F37}.Debug|Any CPU.Build.0 = Debug|Any CPU
		{B61AD44D-8E76-4AE0-872A-9D73A4DD8F37}.Release|Any CPU.ActiveCfg = Release|Any CPU
		{B61AD44D-8E76-4AE0-872A-9D73A4DD8F37}.Release|Any CPU.Build.0 = Release|Any CPU
		{8E4D4199-6DB4-4444-8384-CA8CADAD4296}.Debug|Any CPU.ActiveCfg = Debug|Any CPU
		{8E4D4199-6DB4-4444-8384-CA8CADAD4296}.Debug|Any CPU.Build.0 = Debug|Any CPU
		{8E4D4199-6DB4-4444-8384-CA8CADAD4296}.Release|Any CPU.ActiveCfg = Release|Any CPU
		{8E4D4199-6DB4-4444-8384-CA8CADAD4296}.Release|Any CPU.Build.0 = Release|Any CPU
		{6F143DDB-763D-4EF4-83DD-46D3233929D7}.Debug|Any CPU.ActiveCfg = Debug|Any CPU
		{6F143DDB-763D-4EF4-83DD-46D3233929D7}.Debug|Any CPU.Build.0 = Debug|Any CPU
		{6F143DDB-763D-4EF4-83DD-46D3233929D7}.Release|Any CPU.ActiveCfg = Release|Any CPU
		{6F143DDB-763D-4EF4-83DD-46D3233929D7}.Release|Any CPU.Build.0 = Release|Any CPU
		{0EC904B1-B1F0-4603-A5F8-33914CF21B70}.Debug|Any CPU.ActiveCfg = Debug|Any CPU
		{0EC904B1-B1F0-4603-A5F8-33914CF21B70}.Debug|Any CPU.Build.0 = Debug|Any CPU
		{0EC904B1-B1F0-4603-A5F8-33914CF21B70}.Release|Any CPU.ActiveCfg = Release|Any CPU
		{0EC904B1-B1F0-4603-A5F8-33914CF21B70}.Release|Any CPU.Build.0 = Release|Any CPU
	EndGlobalSection
	GlobalSection(SolutionProperties) = preSolution
		HideSolutionNode = FALSE
	EndGlobalSection
	GlobalSection(NestedProjects) = preSolution
		{91C0C0B0-46CD-4D43-9F7A-F1E8632557BB} = {758049A6-F83A-4CA4-90A2-5C29BA7CDECF}
		{27ACCB55-A601-480C-9286-53C434A296F2} = {BB18D02D-6BED-4463-B81E-424DDA94ABCC}
		{8F97F7BE-278B-488F-87AF-E583569B914C} = {BB18D02D-6BED-4463-B81E-424DDA94ABCC}
		{21854C6B-342F-488C-AD42-450A2F328E5D} = {BB18D02D-6BED-4463-B81E-424DDA94ABCC}
		{58F188B8-B42B-4D5D-915D-20710DA65AB7} = {A11E469E-A5A8-4FD2-AEEF-0E4C814F2ED1}
		{912D48EB-8DC3-4022-8247-6B8F261C342C} = {A11E469E-A5A8-4FD2-AEEF-0E4C814F2ED1}
		{9DEB9964-D65C-4A7E-B67A-1A0F1F0FF962} = {A11E469E-A5A8-4FD2-AEEF-0E4C814F2ED1}
		{2F824976-F82F-4ACC-B7CF-4543FB37BC16} = {BB18D02D-6BED-4463-B81E-424DDA94ABCC}
		{B9360A37-67FE-425D-8DF0-F18AAABB2FDB} = {BB18D02D-6BED-4463-B81E-424DDA94ABCC}
		{B61AD44D-8E76-4AE0-872A-9D73A4DD8F37} = {758049A6-F83A-4CA4-90A2-5C29BA7CDECF}
		{8E4D4199-6DB4-4444-8384-CA8CADAD4296} = {A11E469E-A5A8-4FD2-AEEF-0E4C814F2ED1}
		{6F143DDB-763D-4EF4-83DD-46D3233929D7} = {A11E469E-A5A8-4FD2-AEEF-0E4C814F2ED1}
		{0EC904B1-B1F0-4603-A5F8-33914CF21B70} = {A11E469E-A5A8-4FD2-AEEF-0E4C814F2ED1}
	EndGlobalSection
EndGlobal
